// !$*UTF8*$!
{
	archiveVersion = 1;
	classes = {
	};
	objectVersion = 46;
	objects = {

/* Begin PBXBuildFile section */
		A81D16821CE5A0D0007F9363 /* main.m in Sources */ = {isa = PBXBuildFile; fileRef = A81D16811CE5A0D0007F9363 /* main.m */; };
		A81D168B1CE5A0D0007F9363 /* Main.storyboard in Resources */ = {isa = PBXBuildFile; fileRef = A81D16891CE5A0D0007F9363 /* Main.storyboard */; };
		A81D168D1CE5A0D0007F9363 /* Assets.xcassets in Resources */ = {isa = PBXBuildFile; fileRef = A81D168C1CE5A0D0007F9363 /* Assets.xcassets */; };
		A81D16901CE5A0D0007F9363 /* LaunchScreen.storyboard in Resources */ = {isa = PBXBuildFile; fileRef = A81D168E1CE5A0D0007F9363 /* LaunchScreen.storyboard */; };
		A81D16A21CE5A29B007F9363 /* AppDelegate.m in Sources */ = {isa = PBXBuildFile; fileRef = A81D169F1CE5A29B007F9363 /* AppDelegate.m */; };
		A81D16A31CE5A29B007F9363 /* ViewController.m in Sources */ = {isa = PBXBuildFile; fileRef = A81D16A11CE5A29B007F9363 /* ViewController.m */; };
		A81D16A81CE5A2A2007F9363 /* shockedface2_empty.png in Resources */ = {isa = PBXBuildFile; fileRef = A81D16A51CE5A2A2007F9363 /* shockedface2_empty.png */; };
		A81D16A91CE5A2A2007F9363 /* shockedface2_full.png in Resources */ = {isa = PBXBuildFile; fileRef = A81D16A61CE5A2A2007F9363 /* shockedface2_full.png */; };
		A81D16AA1CE5A2A2007F9363 /* shockedface2_half.png in Resources */ = {isa = PBXBuildFile; fileRef = A81D16A71CE5A2A2007F9363 /* shockedface2_half.png */; };
		A81D16B11CE5A39E007F9363 /* HRYRateView.m in Sources */ = {isa = PBXBuildFile; fileRef = A81D16B01CE5A39E007F9363 /* HRYRateView.m */; };
/* End PBXBuildFile section */

/* Begin PBXFileReference section */
		A81D167D1CE5A0D0007F9363 /* HRYScore.app */ = {isa = PBXFileReference; explicitFileType = wrapper.application; includeInIndex = 0; path = HRYScore.app; sourceTree = BUILT_PRODUCTS_DIR; };
		A81D16811CE5A0D0007F9363 /* main.m */ = {isa = PBXFileReference; lastKnownFileType = sourcecode.c.objc; path = main.m; sourceTree = "<group>"; };
		A81D168A1CE5A0D0007F9363 /* Base */ = {isa = PBXFileReference; lastKnownFileType = file.storyboard; name = Base; path = Base.lproj/Main.storyboard; sourceTree = "<group>"; };
		A81D168C1CE5A0D0007F9363 /* Assets.xcassets */ = {isa = PBXFileReference; lastKnownFileType = folder.assetcatalog; path = Assets.xcassets; sourceTree = "<group>"; };
		A81D168F1CE5A0D0007F9363 /* Base */ = {isa = PBXFileReference; lastKnownFileType = file.storyboard; name = Base; path = Base.lproj/LaunchScreen.storyboard; sourceTree = "<group>"; };
		A81D16911CE5A0D0007F9363 /* Info.plist */ = {isa = PBXFileReference; lastKnownFileType = text.plist.xml; path = Info.plist; sourceTree = "<group>"; };
		A81D169E1CE5A29B007F9363 /* AppDelegate.h */ = {isa = PBXFileReference; fileEncoding = 4; lastKnownFileType = sourcecode.c.h; path = AppDelegate.h; sourceTree = "<group>"; };
		A81D169F1CE5A29B007F9363 /* AppDelegate.m */ = {isa = PBXFileReference; fileEncoding = 4; lastKnownFileType = sourcecode.c.objc; path = AppDelegate.m; sourceTree = "<group>"; };
		A81D16A01CE5A29B007F9363 /* ViewController.h */ = {isa = PBXFileReference; fileEncoding = 4; lastKnownFileType = sourcecode.c.h; path = ViewController.h; sourceTree = "<group>"; };
		A81D16A11CE5A29B007F9363 /* ViewController.m */ = {isa = PBXFileReference; fileEncoding = 4; lastKnownFileType = sourcecode.c.objc; path = ViewController.m; sourceTree = "<group>"; };
		A81D16A51CE5A2A2007F9363 /* shockedface2_empty.png */ = {isa = PBXFileReference; lastKnownFileType = image.png; path = shockedface2_empty.png; sourceTree = "<group>"; };
		A81D16A61CE5A2A2007F9363 /* shockedface2_full.png */ = {isa = PBXFileReference; lastKnownFileType = image.png; path = shockedface2_full.png; sourceTree = "<group>"; };
		A81D16A71CE5A2A2007F9363 /* shockedface2_half.png */ = {isa = PBXFileReference; lastKnownFileType = image.png; path = shockedface2_half.png; sourceTree = "<group>"; };
		A81D16AF1CE5A39E007F9363 /* HRYRateView.h */ = {isa = PBXFileReference; fileEncoding = 4; lastKnownFileType = sourcecode.c.h; path = HRYRateView.h; sourceTree = "<group>"; };
		A81D16B01CE5A39E007F9363 /* HRYRateView.m */ = {isa = PBXFileReference; fileEncoding = 4; lastKnownFileType = sourcecode.c.objc; path = HRYRateView.m; sourceTree = "<group>"; };
/* End PBXFileReference section */

/* Begin PBXFrameworksBuildPhase section */
		A81D167A1CE5A0D0007F9363 /* Frameworks */ = {
			isa = PBXFrameworksBuildPhase;
			buildActionMask = 2147483647;
			files = (
			);
			runOnlyForDeploymentPostprocessing = 0;
		};
/* End PBXFrameworksBuildPhase section */

/* Begin PBXGroup section */
		A81D16741CE5A0D0007F9363 = {
			isa = PBXGroup;
			children = (
				A81D167F1CE5A0D0007F9363 /* HRYScore */,
				A81D167E1CE5A0D0007F9363 /* Products */,
			);
			sourceTree = "<group>";
		};
		A81D167E1CE5A0D0007F9363 /* Products */ = {
			isa = PBXGroup;
			children = (
				A81D167D1CE5A0D0007F9363 /* HRYScore.app */,
			);
			name = Products;
			sourceTree = "<group>";
		};
		A81D167F1CE5A0D0007F9363 /* HRYScore */ = {
			isa = PBXGroup;
			children = (
				A81D16AB1CE5A2E4007F9363 /* Views */,
				A81D16A41CE5A2A2007F9363 /* Resources */,
				A81D169D1CE5A29B007F9363 /* Main */,
				A81D16891CE5A0D0007F9363 /* Main.storyboard */,
				A81D168C1CE5A0D0007F9363 /* Assets.xcassets */,
				A81D168E1CE5A0D0007F9363 /* LaunchScreen.storyboard */,
				A81D16911CE5A0D0007F9363 /* Info.plist */,
				A81D16801CE5A0D0007F9363 /* Supporting Files */,
			);
			path = HRYScore;
			sourceTree = "<group>";
		};
		A81D16801CE5A0D0007F9363 /* Supporting Files */ = {
			isa = PBXGroup;
			children = (
				A81D16811CE5A0D0007F9363 /* main.m */,
			);
			name = "Supporting Files";
			sourceTree = "<group>";
		};
		A81D169D1CE5A29B007F9363 /* Main */ = {
			isa = PBXGroup;
			children = (
				A81D169E1CE5A29B007F9363 /* AppDelegate.h */,
				A81D169F1CE5A29B007F9363 /* AppDelegate.m */,
				A81D16A01CE5A29B007F9363 /* ViewController.h */,
				A81D16A11CE5A29B007F9363 /* ViewController.m */,
			);
			path = Main;
			sourceTree = "<group>";
		};
		A81D16A41CE5A2A2007F9363 /* Resources */ = {
			isa = PBXGroup;
			children = (
				A81D16A51CE5A2A2007F9363 /* shockedface2_empty.png */,
				A81D16A61CE5A2A2007F9363 /* shockedface2_full.png */,
				A81D16A71CE5A2A2007F9363 /* shockedface2_half.png */,
			);
			path = Resources;
			sourceTree = "<group>";
		};
		A81D16AB1CE5A2E4007F9363 /* Views */ = {
			isa = PBXGroup;
			children = (
				A81D16AF1CE5A39E007F9363 /* HRYRateView.h */,
				A81D16B01CE5A39E007F9363 /* HRYRateView.m */,
			);
			path = Views;
			sourceTree = "<group>";
		};
/* End PBXGroup section */

/* Begin PBXNativeTarget section */
		A81D167C1CE5A0D0007F9363 /* HRYScore */ = {
			isa = PBXNativeTarget;
			buildConfigurationList = A81D16941CE5A0D0007F9363 /* Build configuration list for PBXNativeTarget "HRYScore" */;
			buildPhases = (
				A81D16791CE5A0D0007F9363 /* Sources */,
				A81D167A1CE5A0D0007F9363 /* Frameworks */,
				A81D167B1CE5A0D0007F9363 /* Resources */,
			);
			buildRules = (
			);
			dependencies = (
			);
			name = HRYScore;
			productName = HRYScore;
			productReference = A81D167D1CE5A0D0007F9363 /* HRYScore.app */;
			productType = "com.apple.product-type.application";
		};
/* End PBXNativeTarget section */

/* Begin PBXProject section */
		A81D16751CE5A0D0007F9363 /* Project object */ = {
			isa = PBXProject;
			attributes = {
				LastUpgradeCheck = 0730;
				ORGANIZATIONNAME = "甘真辉";
				TargetAttributes = {
					A81D167C1CE5A0D0007F9363 = {
						CreatedOnToolsVersion = 7.3;
					};
				};
			};
			buildConfigurationList = A81D16781CE5A0D0007F9363 /* Build configuration list for PBXProject "HRYScore" */;
			compatibilityVersion = "Xcode 3.2";
			developmentRegion = English;
			hasScannedForEncodings = 0;
			knownRegions = (
				en,
				Base,
			);
			mainGroup = A81D16741CE5A0D0007F9363;
			productRefGroup = A81D167E1CE5A0D0007F9363 /* Products */;
			projectDirPath = "";
			projectRoot = "";
			targets = (
				A81D167C1CE5A0D0007F9363 /* HRYScore */,
			);
		};
/* End PBXProject section */

/* Begin PBXResourcesBuildPhase section */
		A81D167B1CE5A0D0007F9363 /* Resources */ = {
			isa = PBXResourcesBuildPhase;
			buildActionMask = 2147483647;
			files = (
				A81D16901CE5A0D0007F9363 /* LaunchScreen.storyboard in Resources */,
				A81D16A81CE5A2A2007F9363 /* shockedface2_empty.png in Resources */,
				A81D16A91CE5A2A2007F9363 /* shockedface2_full.png in Resources */,
				A81D168D1CE5A0D0007F9363 /* Assets.xcassets in Resources */,
				A81D168B1CE5A0D0007F9363 /* Main.storyboard in Resources */,
				A81D16AA1CE5A2A2007F9363 /* shockedface2_half.png in Resources */,
			);
			runOnlyForDeploymentPostprocessing = 0;
		};
/* End PBXResourcesBuildPhase section */

/* Begin PBXSourcesBuildPhase section */
		A81D16791CE5A0D0007F9363 /* Sources */ = {
			isa = PBXSourcesBuildPhase;
			buildActionMask = 2147483647;
			files = (
				A81D16A21CE5A29B007F9363 /* AppDelegate.m in Sources */,
				A81D16821CE5A0D0007F9363 /* main.m in Sources */,
				A81D16B11CE5A39E007F9363 /* HRYRateView.m in Sources */,
				A81D16A31CE5A29B007F9363 /* ViewController.m in Sources */,
			);
			runOnlyForDeploymentPostprocessing = 0;
		};
/* End PBXSourcesBuildPhase section */

/* Begin PBXVariantGroup section */
		A81D16891CE5A0D0007F9363 /* Main.storyboard */ = {
			isa = PBXVariantGroup;
			children = (
				A81D168A1CE5A0D0007F9363 /* Base */,
			);
			name = Main.storyboard;
			sourceTree = "<group>";
		};
		A81D168E1CE5A0D0007F9363 /* LaunchScreen.storyboard */ = {
			isa = PBXVariantGroup;
			children = (
				A81D168F1CE5A0D0007F9363 /* Base */,
			);
			name = LaunchScreen.storyboard;
			sourceTree = "<group>";
		};
/* End PBXVariantGroup section */

/* Begin XCBuildConfiguration section */
		A81D16921CE5A0D0007F9363 /* Debug */ = {
			isa = XCBuildConfiguration;
			buildSettings = {
				ALWAYS_SEARCH_USER_PATHS = NO;
				CLANG_ANALYZER_NONNULL = YES;
				CLANG_CXX_LANGUAGE_STANDARD = "gnu++0x";
				CLANG_CXX_LIBRARY = "libc++";
				CLANG_ENABLE_MODULES = YES;
				CLANG_ENABLE_OBJC_ARC = YES;
				CLANG_WARN_BOOL_CONVERSION = YES;
				CLANG_WARN_CONSTANT_CONVERSION = YES;
				CLANG_WARN_DIRECT_OBJC_ISA_USAGE = YES_ERROR;
				CLANG_WARN_EMPTY_BODY = YES;
				CLANG_WARN_ENUM_CONVERSION = YES;
				CLANG_WARN_INT_CONVERSION = YES;
				CLANG_WARN_OBJC_ROOT_CLASS = YES_ERROR;
				CLANG_WARN_UNREACHABLE_CODE = YES;
				CLANG_WARN__DUPLICATE_METHOD_MATCH = YES;
				"CODE_SIGN_IDENTITY[sdk=iphoneos*]" = "iPhone Developer";
				COPY_PHASE_STRIP = NO;
				DEBUG_INFORMATION_FORMAT = dwarf;
				ENABLE_STRICT_OBJC_MSGSEND = YES;
				ENABLE_TESTABILITY = YES;
				GCC_C_LANGUAGE_STANDARD = gnu99;
				GCC_DYNAMIC_NO_PIC = NO;
				GCC_NO_COMMON_BLOCKS = YES;
				GCC_OPTIMIZATION_LEVEL = 0;
				GCC_PREPROCESSOR_DEFINITIONS = (
					"DEBUG=1",
					"$(inherited)",
				);
				GCC_WARN_64_TO_32_BIT_CONVERSION = YES;
				GCC_WARN_ABOUT_RETURN_TYPE = YES_ERROR;
				GCC_WARN_UNDECLARED_SELECTOR = YES;
				GCC_WARN_UNINITIALIZED_AUTOS = YES_AGGRESSIVE;
				GCC_WARN_UNUSED_FUNCTION = YES;
				GCC_WARN_UNUSED_VARIABLE = YES;
				IPHONEOS_DEPLOYMENT_TARGET = 9.3;
				MTL_ENABLE_DEBUG_INFO = YES;
				ONLY_ACTIVE_ARCH = YES;
				SDKROOT = iphoneos;
			};
			name = Debug;
		};
		A81D16931CE5A0D0007F9363 /* Release */ = {
			isa = XCBuildConfiguration;
			buildSettings = {
				ALWAYS_SEARCH_USER_PATHS = NO;
				CLANG_ANALYZER_NONNULL = YES;
				CLANG_CXX_LANGUAGE_STANDARD = "gnu++0x";
				CLANG_CXX_LIBRARY = "libc++";
				CLANG_ENABLE_MODULES = YES;
				CLANG_ENABLE_OBJC_ARC = YES;
				CLANG_WARN_BOOL_CONVERSION = YES;
				CLANG_WARN_CONSTANT_CONVERSION = YES;
				CLANG_WARN_DIRECT_OBJC_ISA_USAGE = YES_ERROR;
				CLANG_WARN_EMPTY_BODY = YES;
				CLANG_WARN_ENUM_CONVERSION = YES;
				CLANG_WARN_INT_CONVERSION = YES;
				CLANG_WARN_OBJC_ROOT_CLASS = YES_ERROR;
				CLANG_WARN_UNREACHABLE_CODE = YES;
				CLANG_WARN__DUPLICATE_METHOD_MATCH = YES;
				"CODE_SIGN_IDENTITY[sdk=iphoneos*]" = "iPhone Developer";
				COPY_PHASE_STRIP = NO;
				DEBUG_INFORMATION_FORMAT = "dwarf-with-dsym";
				ENABLE_NS_ASSERTIONS = NO;
				ENABLE_STRICT_OBJC_MSGSEND = YES;
				GCC_C_LANGUAGE_STANDARD = gnu99;
				GCC_NO_COMMON_BLOCKS = YES;
				GCC_WARN_64_TO_32_BIT_CONVERSION = YES;
				GCC_WARN_ABOUT_RETURN_TYPE = YES_ERROR;
				GCC_WARN_UNDECLARED_SELECTOR = YES;
				GCC_WARN_UNINITIALIZED_AUTOS = YES_AGGRESSIVE;
				GCC_WARN_UNUSED_FUNCTION = YES;
				GCC_WARN_UNUSED_VARIABLE = YES;
				IPHONEOS_DEPLOYMENT_TARGET = 9.3;
				MTL_ENABLE_DEBUG_INFO = NO;
				SDKROOT = iphoneos;
				VALIDATE_PRODUCT = YES;
			};
			name = Release;
		};
		A81D16951CE5A0D0007F9363 /* Debug */ = {
			isa = XCBuildConfiguration;
			buildSettings = {
				ASSETCATALOG_COMPILER_APPICON_NAME = AppIcon;
				INFOPLIST_FILE = HRYScore/Info.plist;
				LD_RUNPATH_SEARCH_PATHS = "$(inherited) @executable_path/Frameworks";
				PRODUCT_BUNDLE_IDENTIFIER = com.happy.HRYScore;
				PRODUCT_NAME = "$(TARGET_NAME)";
			};
			name = Debug;
		};
		A81D16961CE5A0D0007F9363 /* Release */ = {
			isa = XCBuildConfiguration;
			buildSettings = {
				ASSETCATALOG_COMPILER_APPICON_NAME = AppIcon;
				INFOPLIST_FILE = HRYScore/Info.plist;
				LD_RUNPATH_SEARCH_PATHS = "$(inherited) @executable_path/Frameworks";
				PRODUCT_BUNDLE_IDENTIFIER = com.happy.HRYScore;
				PRODUCT_NAME = "$(TARGET_NAME)";
			};
			name = Release;
		};
/* End XCBuildConfiguration section */

/* Begin XCConfigurationList section */
		A81D16781CE5A0D0007F9363 /* Build configuration list for PBXProject "HRYScore" */ = {
			isa = XCConfigurationList;
			buildConfigurations = (
				A81D16921CE5A0D0007F9363 /* Debug */,
				A81D16931CE5A0D0007F9363 /* Release */,
			);
			defaultConfigurationIsVisible = 0;
			defaultConfigurationName = Release;
		};
		A81D16941CE5A0D0007F9363 /* Build configuration list for PBXNativeTarget "HRYScore" */ = {
			isa = XCConfigurationList;
			buildConfigurations = (
				A81D16951CE5A0D0007F9363 /* Debug */,
				A81D16961CE5A0D0007F9363 /* Release */,
			);
			defaultConfigurationIsVisible = 0;
			defaultConfigurationName = Release;
		};
/* End XCConfigurationList section */
	};
	rootObject = A81D16751CE5A0D0007F9363 /* Project object */;
}
